
Microsoft Visual Studio Solution File, Format Version 12.00
# Visual Studio Version 16
VisualStudioVersion = 25.0.1706.4
MinimumVisualStudioVersion = 10.0.40219.1
Project("{FAE04EC0-301F-11D3-BF4B-00C04F79EFBC}") = "Week6StringsAndArrays", "Week6StringsAndArrays\Week6StringsAndArrays.csproj", "{A5498406-DE24-4029-B6BC-D416F0002AFA}"
EndProject
Project("{FAE04EC0-301F-11D3-BF4B-00C04F79EFBC}") = "Arrays", "Arrays\Arrays.csproj", "{0086F856-81A4-4AC9-8CDC-C69664A4D3C1}"
EndProject
Project("{FAE04EC0-301F-11D3-BF4B-00C04F79EFBC}") = "NumberArray", "NumberArray\NumberArray.csproj", "{E8C719CC-0A53-43A6-92E3-5807587018C5}"
EndProject
Project("{FAE04EC0-301F-11D3-BF4B-00C04F79EFBC}") = "RandomElement", "RandomElement\RandomElement.csproj", "{FE330FD2-1EF7-417D-BC97-E12A083787A1}"
EndProject
Global
	GlobalSection(SolutionConfigurationPlatforms) = preSolution
		Debug|Any CPU = Debug|Any CPU
		Release|Any CPU = Release|Any CPU
	EndGlobalSection
	GlobalSection(ProjectConfigurationPlatforms) = postSolution
		{A5498406-DE24-4029-B6BC-D416F0002AFA}.Debug|Any CPU.ActiveCfg = Debug|Any CPU
		{A5498406-DE24-4029-B6BC-D416F0002AFA}.Debug|Any CPU.Build.0 = Debug|Any CPU
		{A5498406-DE24-4029-B6BC-D416F0002AFA}.Release|Any CPU.ActiveCfg = Release|Any CPU
		{A5498406-DE24-4029-B6BC-D416F0002AFA}.Release|Any CPU.Build.0 = Release|Any CPU
		{0086F856-81A4-4AC9-8CDC-C69664A4D3C1}.Debug|Any CPU.ActiveCfg = Debug|Any CPU
		{0086F856-81A4-4AC9-8CDC-C69664A4D3C1}.Debug|Any CPU.Build.0 = Debug|Any CPU
		{0086F856-81A4-4AC9-8CDC-C69664A4D3C1}.Release|Any CPU.ActiveCfg = Release|Any CPU
		{0086F856-81A4-4AC9-8CDC-C69664A4D3C1}.Release|Any CPU.Build.0 = Release|Any CPU
		{E8C719CC-0A53-43A6-92E3-5807587018C5}.Debug|Any CPU.ActiveCfg = Debug|Any CPU
		{E8C719CC-0A53-43A6-92E3-5807587018C5}.Debug|Any CPU.Build.0 = Debug|Any CPU
		{E8C719CC-0A53-43A6-92E3-5807587018C5}.Release|Any CPU.ActiveCfg = Release|Any CPU
		{E8C719CC-0A53-43A6-92E3-5807587018C5}.Release|Any CPU.Build.0 = Release|Any CPU
		{FE330FD2-1EF7-417D-BC97-E12A083787A1}.Debug|Any CPU.ActiveCfg = Debug|Any CPU
		{FE330FD2-1EF7-417D-BC97-E12A083787A1}.Debug|Any CPU.Build.0 = Debug|Any CPU
		{FE330FD2-1EF7-417D-BC97-E12A083787A1}.Release|Any CPU.ActiveCfg = Release|Any CPU
		{FE330FD2-1EF7-417D-BC97-E12A083787A1}.Release|Any CPU.Build.0 = Release|Any CPU
	EndGlobalSection
	GlobalSection(SolutionProperties) = preSolution
		HideSolutionNode = FALSE
	EndGlobalSection
	GlobalSection(ExtensibilityGlobals) = postSolution
		SolutionGuid = {DDE0FB25-E3CF-46B9-91BC-37EB717DFEFE}
	EndGlobalSection
EndGlobal
